resolved_at: 2026-07-27
platforms: [linux/amd64, linux/arm64]
images:
  python:3.14.6-slim-bookworm:
    index: sha256:86f975aca15cf04a40b399eebede9aea7c82eae084d1f1a0a6ef6bcaae871a30
    linux/amd64: sha256:f70215e5dbe2a47dee6d23f9c6d358bf3c148f59cce2fd165b61118e9d80f2bb
    linux/arm64: sha256:fec4cfdce16a1028835434868a3d53730661e77c69e0f40605777dc80b9aa65f
  node:24.18.0-bookworm-slim:
    index: sha256:6f7b03f7c2c8e2e784dcf9295400527b9b1270fd37b7e9a7285cf83b6951452d
    linux/amd64: sha256:d45d78e7929b46875bbd4e29bea672d5bc48186c6c3588306521c815e78352d6
    linux/arm64: sha256:af01d58b748ec92b1d6e8e11429aad424fd1e68c848185399dca0596a1ab8f5c
  mariadb:11.8.6:
    index: sha256:78a5047d3ba33975f183f183c2464cc7f1eab13ec8667e57cc9a5821d6da7577
    linux/amd64: sha256:df764e5c6d6d3fcf4a6c298f9ab52d4e783d34f6dc0347da91933ad7f5f6ebb6
    linux/arm64: sha256:a7a644e095da9f033a8277df91f1cbf8ae9411a9109e2eea2861e7b046d73580
  redis:7.2.14-bookworm:
    index: sha256:f0707c78ea880b293ccdeb410c9c0a8ccae93fe7128799b751333a698b0a39a7
    linux/amd64: sha256:86778a4a011a500d9a502858e27647380b62e5e8fbadef3f59e506f0899792fd
    linux/arm64: sha256:7ee8f94475527b5d6a1077c2be9d7fab2b1417fe0d9985ffd28f29764c79c291
  nginx:1.28.0-alpine3.21:
    index: sha256:30f1c0d78e0ad60901648be663a710bdadf19e4c10ac6782c235200619158284
    linux/amd64: sha256:09ab424a8c788f8d0fe3a64429f6d19dfa526885c8609b748d0943a75dcb9f8c
    linux/arm64: sha256:e8552debd77891036e8928d45f6f6e6d9eee56ce720668c0cdd723f963c3a5c5
  postgres:18.4-bookworm:
    index: sha256:1961f96e6029a02c3812d7cb329a3b03a3ac2bb067058dec17b0f5596aca9296
    linux/amd64: sha256:16fa100a3a6e92c0556632870455e7f8c6f3df5cefddd67d6b95292732bd7ff0
    linux/arm64: sha256:5803d5d75160cda9e748b17077a34ab54c0bc4541a15f61ba487b0fb25da08b5
